{
  "object": {
    "pins": [
      {
        "package": "PhoneNumberKit",
        "repositoryURL": "https://github.com/marmelroy/PhoneNumberKit",
        "state": {
          "branch": null,
          "revision": "ade48cc2d09c3180ac6e179577633b8c2660a8bf",
          "version": "3.5.0"
        }
      }
    ]
  },
  "version": 1
}
